{
  "lockfile_version": "1",
  "packages": {
    "SDL2@2.32.70": {
      "last_modified": "2026-07-23T05:10:05Z",
      "resolved": "github:NixOS/nixpkgs/7525d999cd850b9a488817abc89c75dc733acf17#SDL2",
      "source": "devbox-search",
      "version": "2.32.70",
      "systems": {
        "aarch64-darwin": {
          "outputs": [
            {
              "name": "out",
              "path": "/nix/store/hac65szk91d4li4igh13nhjkp4sv5w9r-sdl2-compat-2.32.70",
              "default": true
            },
            {
              "name": "dev",
              "path": "/nix/store/5z988r2pbdd5k4bczqd6rdyvpfgji1i2-sdl2-compat-2.32.70-dev"
            }
          ],
          "store_path": "/nix/store/hac65szk91d4li4igh13nhjkp4sv5w9r-sdl2-compat-2.32.70"
        },
        "aarch64-linux": {
          "outputs": [
            {
              "name": "out",
              "path": "/nix/store/30lv7csv4m7q56khlhiz5mdszdz4j60i-sdl2-compat-2.32.70",
              "default": true
            },
            {
              "name": "dev",
              "path": "/nix/store/jblaa0b3165vcv177yhvkqxhyrmj4han-sdl2-compat-2.32.70-dev"
            }
          ],
          "store_path": "/nix/store/30lv7csv4m7q56khlhiz5mdszdz4j60i-sdl2-compat-2.32.70"
        },
        "x86_64-linux": {
          "outputs": [
            {
              "name": "out",
              "path": "/nix/store/hvbg9ai0df8kf9m39sbgy3f1lzwavfy1-sdl2-compat-2.32.70",
              "default": true
            },
            {
              "name": "dev",
              "path": "/nix/store/ndhf8pkcz1bz7x9jjd6681ccxmbwjfn6-sdl2-compat-2.32.70-dev"
            }
          ],
          "store_path": "/nix/store/hvbg9ai0df8kf9m39sbgy3f1lzwavfy1-sdl2-compat-2.32.70"
        }
      }
    },
    "cargo-deny@0.20.2": {
      "last_modified": "2026-07-23T05:10:05Z",
      "resolved": "github:NixOS/nixpkgs/7525d999cd850b9a488817abc89c75dc733acf17#cargo-deny",
      "source": "devbox-search",
      "version": "0.20.2",
      "systems": {
        "aarch64-darwin": {
          "outputs": [
            {
              "name": "out",
              "path": "/nix/store/fhi0fzcsdwc73cgmy3ib1qmicb4q4nd9-cargo-deny-0.20.2",
              "default": true
            }
          ],
          "store_path": "/nix/store/fhi0fzcsdwc73cgmy3ib1qmicb4q4nd9-cargo-deny-0.20.2"
        },
        "aarch64-linux": {
          "outputs": [
            {
              "name": "out",
              "path": "/nix/store/881cbf5yp1sc325p08h670vqwhy2fhym-cargo-deny-0.20.2",
              "default": true
            }
          ],
          "store_path": "/nix/store/881cbf5yp1sc325p08h670vqwhy2fhym-cargo-deny-0.20.2"
        },
        "x86_64-linux": {
          "outputs": [
            {
              "name": "out",
              "path": "/nix/store/r6fcif3d6z1r38gzbls6zscfrd5bvm82-cargo-deny-0.20.2",
              "default": true
            }
          ],
          "store_path": "/nix/store/r6fcif3d6z1r38gzbls6zscfrd5bvm82-cargo-deny-0.20.2"
        }
      }
    },
    "github:NixOS/nixpkgs/nixpkgs-unstable": {
      "last_modified": "2026-07-26T16:08:32Z",
      "resolved": "github:NixOS/nixpkgs/e318e6adc497b5e8a5ac433c6c6ed21ecdab9029?lastModified=1785082112&narHash=sha256-Y7z%2FnrPajIJyVDd9z53ZPZGm0HU%2Bkej16Pwt2cNYI0A%3D"
    },
    "pre-commit@4.5.1": {
      "last_modified": "2026-07-23T05:10:05Z",
      "resolved": "github:NixOS/nixpkgs/7525d999cd850b9a488817abc89c75dc733acf17#pre-commit",
      "source": "devbox-search",
      "version": "4.5.1",
      "systems": {
        "aarch64-darwin": {
          "outputs": [
            {
              "name": "out",
              "path": "/nix/store/zy4s7p53x911n0rngl0v3sarpg1qc43r-pre-commit-4.5.1",
              "default": true
            },
            {
              "name": "dist",
              "path": "/nix/store/g6jg597amf2f0ikhlii3iw8z3rriwx1c-pre-commit-4.5.1-dist"
            }
          ],
          "store_path": "/nix/store/zy4s7p53x911n0rngl0v3sarpg1qc43r-pre-commit-4.5.1"
        },
        "aarch64-linux": {
          "outputs": [
            {
              "name": "out",
              "path": "/nix/store/pf982haqw9f5nbas63xhxlqwdbgz0p7w-pre-commit-4.5.1",
              "default": true
            },
            {
              "name": "dist",
              "path": "/nix/store/qcmqnda32vcn9jiird3whjs4k2s8bq7j-pre-commit-4.5.1-dist"
            }
          ],
          "store_path": "/nix/store/pf982haqw9f5nbas63xhxlqwdbgz0p7w-pre-commit-4.5.1"
        },
        "x86_64-darwin": {
          "outputs": [
            {
              "name": "out",
              "path": "/nix/store/51i9rjiyhdnxd96rp3cc8ykhcld7zhqq-pre-commit-4.5.1",
              "default": true
            },
            {
              "name": "dist",
              "path": "/nix/store/hphzzlh3q6nz74px0mq2a1h7yqkyr35b-pre-commit-4.5.1-dist"
            }
          ],
          "store_path": "/nix/store/51i9rjiyhdnxd96rp3cc8ykhcld7zhqq-pre-commit-4.5.1"
        },
        "x86_64-linux": {
          "outputs": [
            {
              "name": "out",
              "path": "/nix/store/m9v9ypkyq41mcvdvsvivjkwgdygzdkbp-pre-commit-4.5.1",
              "default": true
            },
            {
              "name": "dist",
              "path": "/nix/store/lq6lbw29brd4rj8jlgzmqp151sxbwcy4-pre-commit-4.5.1-dist"
            }
          ],
          "store_path": "/nix/store/m9v9ypkyq41mcvdvsvivjkwgdygzdkbp-pre-commit-4.5.1"
        }
      }
    },
    "rustup@1.29.0": {
      "last_modified": "2026-07-23T05:10:05Z",
      "plugin_version": "0.0.1",
      "resolved": "github:NixOS/nixpkgs/7525d999cd850b9a488817abc89c75dc733acf17#rustup",
      "source": "devbox-search",
      "version": "1.29.0",
      "systems": {
        "aarch64-darwin": {
          "outputs": [
            {
              "name": "out",
              "path": "/nix/store/hgbkshlqvw7rgqqwyfiqsvryjfkwh7mj-rustup-1.29.0",
              "default": true
            }
          ],
          "store_path": "/nix/store/hgbkshlqvw7rgqqwyfiqsvryjfkwh7mj-rustup-1.29.0"
        },
        "aarch64-linux": {
          "outputs": [
            {
              "name": "out",
              "path": "/nix/store/xv67saiks9bjbh5cid8hhk5sllfgkxl4-rustup-1.29.0",
              "default": true
            }
          ],
          "store_path": "/nix/store/xv67saiks9bjbh5cid8hhk5sllfgkxl4-rustup-1.29.0"
        },
        "x86_64-darwin": {
          "outputs": [
            {
              "name": "out",
              "path": "/nix/store/lvm2155pfw1b3a9g8cij5g7vx2dk4v9f-rustup-1.29.0",
              "default": true
            }
          ],
          "store_path": "/nix/store/lvm2155pfw1b3a9g8cij5g7vx2dk4v9f-rustup-1.29.0"
        },
        "x86_64-linux": {
          "outputs": [
            {
              "name": "out",
              "path": "/nix/store/5v1hm2s8f77mqkncvm1qkkqq4xkls7mm-rustup-1.29.0",
              "default": true
            }
          ],
          "store_path": "/nix/store/5v1hm2s8f77mqkncvm1qkkqq4xkls7mm-rustup-1.29.0"
        }
      }
    }
  }
}
