{
  "lockfile_version": "1",
  "packages": {
    "SDL2@2.32.70": {
      "last_modified": "2026-08-12T11:28:58Z",
      "resolved": "github:NixOS/nixpkgs/044bfe75bfe4c7bbe043dc17b5e42ea823b84a09#SDL2",
      "source": "devbox-search",
      "version": "2.32.70",
      "systems": {
        "aarch64-darwin": {
          "outputs": [
            {
              "name": "out",
              "path": "/nix/store/9m1icl4hansi725a36jmzf6lfd8akl65-sdl2-compat-2.32.70",
              "default": true
            },
            {
              "name": "dev",
              "path": "/nix/store/chijypcp06189rhwhnpxgjkdxxzladqs-sdl2-compat-2.32.70-dev"
            }
          ],
          "store_path": "/nix/store/9m1icl4hansi725a36jmzf6lfd8akl65-sdl2-compat-2.32.70"
        },
        "aarch64-linux": {
          "outputs": [
            {
              "name": "out",
              "path": "/nix/store/w3yq3mafj1q4prxaywhkwwfk44kpq3vw-sdl2-compat-2.32.70",
              "default": true
            },
            {
              "name": "dev",
              "path": "/nix/store/7cmygzsk116i3hkl1sj3jbkfhkkxaj6q-sdl2-compat-2.32.70-dev"
            }
          ],
          "store_path": "/nix/store/w3yq3mafj1q4prxaywhkwwfk44kpq3vw-sdl2-compat-2.32.70"
        },
        "x86_64-linux": {
          "outputs": [
            {
              "name": "out",
              "path": "/nix/store/7l4mplrxx5q2ca64084prb76v40nsdqb-sdl2-compat-2.32.70",
              "default": true
            },
            {
              "name": "dev",
              "path": "/nix/store/gp9gnij7g9aglnx458jyjgx0cznc527v-sdl2-compat-2.32.70-dev"
            }
          ],
          "store_path": "/nix/store/7l4mplrxx5q2ca64084prb76v40nsdqb-sdl2-compat-2.32.70"
        }
      }
    },
    "cargo-deny@0.20.2": {
      "last_modified": "2026-08-12T11:28:58Z",
      "resolved": "github:NixOS/nixpkgs/044bfe75bfe4c7bbe043dc17b5e42ea823b84a09#cargo-deny",
      "source": "devbox-search",
      "version": "0.20.2",
      "systems": {
        "aarch64-darwin": {
          "outputs": [
            {
              "name": "out",
              "path": "/nix/store/xdg35dabfnjp9kgalhml83ljrmnyxyy8-cargo-deny-0.20.2",
              "default": true
            }
          ],
          "store_path": "/nix/store/xdg35dabfnjp9kgalhml83ljrmnyxyy8-cargo-deny-0.20.2"
        },
        "aarch64-linux": {
          "outputs": [
            {
              "name": "out",
              "path": "/nix/store/wpy2xpl2fngi99nvvi32c05ljl6jlvmk-cargo-deny-0.20.2",
              "default": true
            }
          ],
          "store_path": "/nix/store/wpy2xpl2fngi99nvvi32c05ljl6jlvmk-cargo-deny-0.20.2"
        },
        "x86_64-linux": {
          "outputs": [
            {
              "name": "out",
              "path": "/nix/store/dwk9x21bjs64a7bx9i8rc00qss9cgamg-cargo-deny-0.20.2",
              "default": true
            }
          ],
          "store_path": "/nix/store/dwk9x21bjs64a7bx9i8rc00qss9cgamg-cargo-deny-0.20.2"
        }
      }
    },
    "github:NixOS/nixpkgs/nixpkgs-unstable": {
      "last_modified": "2026-08-22T02:12:10Z",
      "resolved": "github:NixOS/nixpkgs/a831408e6378bc02ebf8cc09b52c96ca86f6bab4?lastModified=1787364730&narHash=sha256-NcYt9QJfpJiF1lAyN8BDPB4EeScbPU%2BEwQqPiBElrpU%3D"
    },
    "pre-commit@4.5.1": {
      "last_modified": "2026-08-12T11:28:58Z",
      "resolved": "github:NixOS/nixpkgs/044bfe75bfe4c7bbe043dc17b5e42ea823b84a09#pre-commit",
      "source": "devbox-search",
      "version": "4.5.1",
      "systems": {
        "aarch64-darwin": {
          "outputs": [
            {
              "name": "out",
              "path": "/nix/store/a1wy99bf8jygrqryijl8nsnmrrlfr1xq-pre-commit-4.5.1",
              "default": true
            },
            {
              "name": "dist",
              "path": "/nix/store/xj8kh9zv3zbb4168h1qk882mcqpqq99d-pre-commit-4.5.1-dist"
            }
          ],
          "store_path": "/nix/store/a1wy99bf8jygrqryijl8nsnmrrlfr1xq-pre-commit-4.5.1"
        },
        "aarch64-linux": {
          "outputs": [
            {
              "name": "out",
              "path": "/nix/store/c3msyacjwxgw1blvcanlcw3i1xk2qqfv-pre-commit-4.5.1",
              "default": true
            },
            {
              "name": "dist",
              "path": "/nix/store/r481022hbbb92z81152fh5a28nb0wqyy-pre-commit-4.5.1-dist"
            }
          ],
          "store_path": "/nix/store/c3msyacjwxgw1blvcanlcw3i1xk2qqfv-pre-commit-4.5.1"
        },
        "x86_64-darwin": {
          "outputs": [
            {
              "name": "out",
              "path": "/nix/store/51i9rjiyhdnxd96rp3cc8ykhcld7zhqq-pre-commit-4.5.1",
              "default": true
            },
            {
              "name": "dist",
              "path": "/nix/store/hphzzlh3q6nz74px0mq2a1h7yqkyr35b-pre-commit-4.5.1-dist"
            }
          ],
          "store_path": "/nix/store/51i9rjiyhdnxd96rp3cc8ykhcld7zhqq-pre-commit-4.5.1"
        },
        "x86_64-linux": {
          "outputs": [
            {
              "name": "out",
              "path": "/nix/store/5g74zf296ax76nf5r0cqwibf6ibz3fpa-pre-commit-4.5.1",
              "default": true
            },
            {
              "name": "dist",
              "path": "/nix/store/k0d2di3g9cwr6ad02c5973rbb8lk5nbd-pre-commit-4.5.1-dist"
            }
          ],
          "store_path": "/nix/store/5g74zf296ax76nf5r0cqwibf6ibz3fpa-pre-commit-4.5.1"
        }
      }
    },
    "rustup@1.29.0": {
      "last_modified": "2026-08-12T11:28:58Z",
      "plugin_version": "0.0.1",
      "resolved": "github:NixOS/nixpkgs/044bfe75bfe4c7bbe043dc17b5e42ea823b84a09#rustup",
      "source": "devbox-search",
      "version": "1.29.0",
      "systems": {
        "aarch64-darwin": {
          "outputs": [
            {
              "name": "out",
              "path": "/nix/store/20hx9khb7211fza4cw8p1m1amy0glxzy-rustup-1.29.0",
              "default": true
            }
          ],
          "store_path": "/nix/store/20hx9khb7211fza4cw8p1m1amy0glxzy-rustup-1.29.0"
        },
        "aarch64-linux": {
          "outputs": [
            {
              "name": "out",
              "path": "/nix/store/xjw7ywpiszdgcd684j707az8vhg7nyf0-rustup-1.29.0",
              "default": true
            }
          ],
          "store_path": "/nix/store/xjw7ywpiszdgcd684j707az8vhg7nyf0-rustup-1.29.0"
        },
        "x86_64-darwin": {
          "outputs": [
            {
              "name": "out",
              "path": "/nix/store/lvm2155pfw1b3a9g8cij5g7vx2dk4v9f-rustup-1.29.0",
              "default": true
            }
          ],
          "store_path": "/nix/store/lvm2155pfw1b3a9g8cij5g7vx2dk4v9f-rustup-1.29.0"
        },
        "x86_64-linux": {
          "outputs": [
            {
              "name": "out",
              "path": "/nix/store/yhflfa4z62y7h05yszfvpyi4l5hax8rw-rustup-1.29.0",
              "default": true
            }
          ],
          "store_path": "/nix/store/yhflfa4z62y7h05yszfvpyi4l5hax8rw-rustup-1.29.0"
        }
      }
    }
  }
}
